
Microsoft Visual Studio Solution File, Format Version 12.00
# Visual Studio 14
VisualStudioVersion = 14.0.23107.0
MinimumVisualStudioVersion = 10.0.40219.1
Project("{54435603-DBB4-11D2-8724-00A0C9A8B90C}") = "GraphDesigerSetup", "GraphDesigerSetup\GraphDesigerSetup.vdproj", "{347D5EF7-AD6A-4250-A5C7-1F8EFB7C1BCE}"
EndProject
Global
	GlobalSection(SolutionConfigurationPlatforms) = preSolution
		Debug|Default = Debug|Default
		Release|Default = Release|Default
	EndGlobalSection
	GlobalSection(ProjectConfigurationPlatforms) = postSolution
		{347D5EF7-AD6A-4250-A5C7-1F8EFB7C1BCE}.Debug|Default.ActiveCfg = Debug
		{347D5EF7-AD6A-4250-A5C7-1F8EFB7C1BCE}.Debug|Default.Build.0 = Debug
		{347D5EF7-AD6A-4250-A5C7-1F8EFB7C1BCE}.Release|Default.ActiveCfg = Release
		{347D5EF7-AD6A-4250-A5C7-1F8EFB7C1BCE}.Release|Default.Build.0 = Release
	EndGlobalSection
	GlobalSection(SolutionProperties) = preSolution
		HideSolutionNode = FALSE
	EndGlobalSection
EndGlobal
